// !$*UTF8*$!
{
	archiveVersion = 1;
	classes = {
	};
	objectVersion = 50;
	objects = {

/* Begin PBXBuildFile section */
		18679C92210584C60037E289 /* AppDelegate.swift in Sources */ = {isa = PBXBuildFile; fileRef = 18679C91210584C60037E289 /* AppDelegate.swift */; };
		18679C94210584C60037E289 /* ViewController.swift in Sources */ = {isa = PBXBuildFile; fileRef = 18679C93210584C60037E289 /* ViewController.swift */; };
		18679C97210584C60037E289 /* Main.storyboard in Resources */ = {isa = PBXBuildFile; fileRef = 18679C95210584C60037E289 /* Main.storyboard */; };
		18679C99210584C80037E289 /* Assets.xcassets in Resources */ = {isa = PBXBuildFile; fileRef = 18679C98210584C80037E289 /* Assets.xcassets */; };
		18679C9C210584C80037E289 /* LaunchScreen.storyboard in Resources */ = {isa = PBXBuildFile; fileRef = 18679C9A210584C80037E289 /* LaunchScreen.storyboard */; };
		18679CA7210584C80037E289 /* AnimationCrediCardTests.swift in Sources */ = {isa = PBXBuildFile; fileRef = 18679CA6210584C80037E289 /* AnimationCrediCardTests.swift */; };
		18679CB2210584C80037E289 /* AnimationCrediCardUITests.swift in Sources */ = {isa = PBXBuildFile; fileRef = 18679CB1210584C80037E289 /* AnimationCrediCardUITests.swift */; };
		18679CC0210586320037E289 /* InverseCollectionViewCell.swift in Sources */ = {isa = PBXBuildFile; fileRef = 18679CBF210586320037E289 /* InverseCollectionViewCell.swift */; };
/* End PBXBuildFile section */

/* Begin PBXContainerItemProxy section */
		18679CA3210584C80037E289 /* PBXContainerItemProxy */ = {
			isa = PBXContainerItemProxy;
			containerPortal = 18679C86210584C60037E289 /* Project object */;
			proxyType = 1;
			remoteGlobalIDString = 18679C8D210584C60037E289;
			remoteInfo = AnimationCrediCard;
		};
		18679CAE210584C80037E289 /* PBXContainerItemProxy */ = {
			isa = PBXContainerItemProxy;
			containerPortal = 18679C86210584C60037E289 /* Project object */;
			proxyType = 1;
			remoteGlobalIDString = 18679C8D210584C60037E289;
			remoteInfo = AnimationCrediCard;
		};
/* End PBXContainerItemProxy section */

/* Begin PBXFileReference section */
		18679C8E210584C60037E289 /* AnimationCrediCard.app */ = {isa = PBXFileReference; explicitFileType = wrapper.application; includeInIndex = 0; path = AnimationCrediCard.app; sourceTree = BUILT_PRODUCTS_DIR; };
		18679C91210584C60037E289 /* AppDelegate.swift */ = {isa = PBXFileReference; lastKnownFileType = sourcecode.swift; path = AppDelegate.swift; sourceTree = "<group>"; };
		18679C93210584C60037E289 /* ViewController.swift */ = {isa = PBXFileReference; lastKnownFileType = sourcecode.swift; path = ViewController.swift; sourceTree = "<group>"; };
		18679C96210584C60037E289 /* Base */ = {isa = PBXFileReference; lastKnownFileType = file.storyboard; name = Base; path = Base.lproj/Main.storyboard; sourceTree = "<group>"; };
		18679C98210584C80037E289 /* Assets.xcassets */ = {isa = PBXFileReference; lastKnownFileType = folder.assetcatalog; path = Assets.xcassets; sourceTree = "<group>"; };
		18679C9B210584C80037E289 /* Base */ = {isa = PBXFileReference; lastKnownFileType = file.storyboard; name = Base; path = Base.lproj/LaunchScreen.storyboard; sourceTree = "<group>"; };
		18679C9D210584C80037E289 /* Info.plist */ = {isa = PBXFileReference; lastKnownFileType = text.plist.xml; path = Info.plist; sourceTree = "<group>"; };
		18679CA2210584C80037E289 /* AnimationCrediCardTests.xctest */ = {isa = PBXFileReference; explicitFileType = wrapper.cfbundle; includeInIndex = 0; path = AnimationCrediCardTests.xctest; sourceTree = BUILT_PRODUCTS_DIR; };
		18679CA6210584C80037E289 /* AnimationCrediCardTests.swift */ = {isa = PBXFileReference; lastKnownFileType = sourcecode.swift; path = AnimationCrediCardTests.swift; sourceTree = "<group>"; };
		18679CA8210584C80037E289 /* Info.plist */ = {isa = PBXFileReference; lastKnownFileType = text.plist.xml; path = Info.plist; sourceTree = "<group>"; };
		18679CAD210584C80037E289 /* AnimationCrediCardUITests.xctest */ = {isa = PBXFileReference; explicitFileType = wrapper.cfbundle; includeInIndex = 0; path = AnimationCrediCardUITests.xctest; sourceTree = BUILT_PRODUCTS_DIR; };
		18679CB1210584C80037E289 /* AnimationCrediCardUITests.swift */ = {isa = PBXFileReference; lastKnownFileType = sourcecode.swift; path = AnimationCrediCardUITests.swift; sourceTree = "<group>"; };
		18679CB3210584C80037E289 /* Info.plist */ = {isa = PBXFileReference; lastKnownFileType = text.plist.xml; path = Info.plist; sourceTree = "<group>"; };
		18679CBF210586320037E289 /* InverseCollectionViewCell.swift */ = {isa = PBXFileReference; lastKnownFileType = sourcecode.swift; path = InverseCollectionViewCell.swift; sourceTree = "<group>"; };
/* End PBXFileReference section */

/* Begin PBXFrameworksBuildPhase section */
		18679C8B210584C60037E289 /* Frameworks */ = {
			isa = PBXFrameworksBuildPhase;
			buildActionMask = 2147483647;
			files = (
			);
			runOnlyForDeploymentPostprocessing = 0;
		};
		18679C9F210584C80037E289 /* Frameworks */ = {
			isa = PBXFrameworksBuildPhase;
			buildActionMask = 2147483647;
			files = (
			);
			runOnlyForDeploymentPostprocessing = 0;
		};
		18679CAA210584C80037E289 /* Frameworks */ = {
			isa = PBXFrameworksBuildPhase;
			buildActionMask = 2147483647;
			files = (
			);
			runOnlyForDeploymentPostprocessing = 0;
		};
/* End PBXFrameworksBuildPhase section */

/* Begin PBXGroup section */
		18679C85210584C60037E289 = {
			isa = PBXGroup;
			children = (
				18679C90210584C60037E289 /* AnimationCrediCard */,
				18679CA5210584C80037E289 /* AnimationCrediCardTests */,
				18679CB0210584C80037E289 /* AnimationCrediCardUITests */,
				18679C8F210584C60037E289 /* Products */,
			);
			sourceTree = "<group>";
		};
		18679C8F210584C60037E289 /* Products */ = {
			isa = PBXGroup;
			children = (
				18679C8E210584C60037E289 /* AnimationCrediCard.app */,
				18679CA2210584C80037E289 /* AnimationCrediCardTests.xctest */,
				18679CAD210584C80037E289 /* AnimationCrediCardUITests.xctest */,
			);
			name = Products;
			sourceTree = "<group>";
		};
		18679C90210584C60037E289 /* AnimationCrediCard */ = {
			isa = PBXGroup;
			children = (
				18679C91210584C60037E289 /* AppDelegate.swift */,
				18679C93210584C60037E289 /* ViewController.swift */,
				18679C95210584C60037E289 /* Main.storyboard */,
				18679C98210584C80037E289 /* Assets.xcassets */,
				18679C9A210584C80037E289 /* LaunchScreen.storyboard */,
				18679C9D210584C80037E289 /* Info.plist */,
				18679CBF210586320037E289 /* InverseCollectionViewCell.swift */,
			);
			path = AnimationCrediCard;
			sourceTree = "<group>";
		};
		18679CA5210584C80037E289 /* AnimationCrediCardTests */ = {
			isa = PBXGroup;
			children = (
				18679CA6210584C80037E289 /* AnimationCrediCardTests.swift */,
				18679CA8210584C80037E289 /* Info.plist */,
			);
			path = AnimationCrediCardTests;
			sourceTree = "<group>";
		};
		18679CB0210584C80037E289 /* AnimationCrediCardUITests */ = {
			isa = PBXGroup;
			children = (
				18679CB1210584C80037E289 /* AnimationCrediCardUITests.swift */,
				18679CB3210584C80037E289 /* Info.plist */,
			);
			path = AnimationCrediCardUITests;
			sourceTree = "<group>";
		};
/* End PBXGroup section */

/* Begin PBXNativeTarget section */
		18679C8D210584C60037E289 /* AnimationCrediCard */ = {
			isa = PBXNativeTarget;
			buildConfigurationList = 18679CB6210584C80037E289 /* Build configuration list for PBXNativeTarget "AnimationCrediCard" */;
			buildPhases = (
				18679C8A210584C60037E289 /* Sources */,
				18679C8B210584C60037E289 /* Frameworks */,
				18679C8C210584C60037E289 /* Resources */,
			);
			buildRules = (
			);
			dependencies = (
			);
			name = AnimationCrediCard;
			productName = AnimationCrediCard;
			productReference = 18679C8E210584C60037E289 /* AnimationCrediCard.app */;
			productType = "com.apple.product-type.application";
		};
		18679CA1210584C80037E289 /* AnimationCrediCardTests */ = {
			isa = PBXNativeTarget;
			buildConfigurationList = 18679CB9210584C80037E289 /* Build configuration list for PBXNativeTarget "AnimationCrediCardTests" */;
			buildPhases = (
				18679C9E210584C80037E289 /* Sources */,
				18679C9F210584C80037E289 /* Frameworks */,
				18679CA0210584C80037E289 /* Resources */,
			);
			buildRules = (
			);
			dependencies = (
				18679CA4210584C80037E289 /* PBXTargetDependency */,
			);
			name = AnimationCrediCardTests;
			productName = AnimationCrediCardTests;
			productReference = 18679CA2210584C80037E289 /* AnimationCrediCardTests.xctest */;
			productType = "com.apple.product-type.bundle.unit-test";
		};
		18679CAC210584C80037E289 /* AnimationCrediCardUITests */ = {
			isa = PBXNativeTarget;
			buildConfigurationList = 18679CBC210584C80037E289 /* Build configuration list for PBXNativeTarget "AnimationCrediCardUITests" */;
			buildPhases = (
				18679CA9210584C80037E289 /* Sources */,
				18679CAA210584C80037E289 /* Frameworks */,
				18679CAB210584C80037E289 /* Resources */,
			);
			buildRules = (
			);
			dependencies = (
				18679CAF210584C80037E289 /* PBXTargetDependency */,
			);
			name = AnimationCrediCardUITests;
			productName = AnimationCrediCardUITests;
			productReference = 18679CAD210584C80037E289 /* AnimationCrediCardUITests.xctest */;
			productType = "com.apple.product-type.bundle.ui-testing";
		};
/* End PBXNativeTarget section */

/* Begin PBXProject section */
		18679C86210584C60037E289 /* Project object */ = {
			isa = PBXProject;
			attributes = {
				LastSwiftUpdateCheck = 0940;
				LastUpgradeCheck = 0940;
				ORGANIZATIONNAME = "Vinicius Ricci";
				TargetAttributes = {
					18679C8D210584C60037E289 = {
						CreatedOnToolsVersion = 9.4;
					};
					18679CA1210584C80037E289 = {
						CreatedOnToolsVersion = 9.4;
						TestTargetID = 18679C8D210584C60037E289;
					};
					18679CAC210584C80037E289 = {
						CreatedOnToolsVersion = 9.4;
						TestTargetID = 18679C8D210584C60037E289;
					};
				};
			};
			buildConfigurationList = 18679C89210584C60037E289 /* Build configuration list for PBXProject "AnimationCrediCard" */;
			compatibilityVersion = "Xcode 9.3";
			developmentRegion = en;
			hasScannedForEncodings = 0;
			knownRegions = (
				en,
				Base,
			);
			mainGroup = 18679C85210584C60037E289;
			productRefGroup = 18679C8F210584C60037E289 /* Products */;
			projectDirPath = "";
			projectRoot = "";
			targets = (
				18679C8D210584C60037E289 /* AnimationCrediCard */,
				18679CA1210584C80037E289 /* AnimationCrediCardTests */,
				18679CAC210584C80037E289 /* AnimationCrediCardUITests */,
			);
		};
/* End PBXProject section */

/* Begin PBXResourcesBuildPhase section */
		18679C8C210584C60037E289 /* Resources */ = {
			isa = PBXResourcesBuildPhase;
			buildActionMask = 2147483647;
			files = (
				18679C9C210584C80037E289 /* LaunchScreen.storyboard in Resources */,
				18679C99210584C80037E289 /* Assets.xcassets in Resources */,
				18679C97210584C60037E289 /* Main.storyboard in Resources */,
			);
			runOnlyForDeploymentPostprocessing = 0;
		};
		18679CA0210584C80037E289 /* Resources */ = {
			isa = PBXResourcesBuildPhase;
			buildActionMask = 2147483647;
			files = (
			);
			runOnlyForDeploymentPostprocessing = 0;
		};
		18679CAB210584C80037E289 /* Resources */ = {
			isa = PBXResourcesBuildPhase;
			buildActionMask = 2147483647;
			files = (
			);
			runOnlyForDeploymentPostprocessing = 0;
		};
/* End PBXResourcesBuildPhase section */

/* Begin PBXSourcesBuildPhase section */
		18679C8A210584C60037E289 /* Sources */ = {
			isa = PBXSourcesBuildPhase;
			buildActionMask = 2147483647;
			files = (
				18679C94210584C60037E289 /* ViewController.swift in Sources */,
				18679CC0210586320037E289 /* InverseCollectionViewCell.swift in Sources */,
				18679C92210584C60037E289 /* AppDelegate.swift in Sources */,
			);
			runOnlyForDeploymentPostprocessing = 0;
		};
		18679C9E210584C80037E289 /* Sources */ = {
			isa = PBXSourcesBuildPhase;
			buildActionMask = 2147483647;
			files = (
				18679CA7210584C80037E289 /* AnimationCrediCardTests.swift in Sources */,
			);
			runOnlyForDeploymentPostprocessing = 0;
		};
		18679CA9210584C80037E289 /* Sources */ = {
			isa = PBXSourcesBuildPhase;
			buildActionMask = 2147483647;
			files = (
				18679CB2210584C80037E289 /* AnimationCrediCardUITests.swift in Sources */,
			);
			runOnlyForDeploymentPostprocessing = 0;
		};
/* End PBXSourcesBuildPhase section */

/* Begin PBXTargetDependency section */
		18679CA4210584C80037E289 /* PBXTargetDependency */ = {
			isa = PBXTargetDependency;
			target = 18679C8D210584C60037E289 /* AnimationCrediCard */;
			targetProxy = 18679CA3210584C80037E289 /* PBXContainerItemProxy */;
		};
		18679CAF210584C80037E289 /* PBXTargetDependency */ = {
			isa = PBXTargetDependency;
			target = 18679C8D210584C60037E289 /* AnimationCrediCard */;
			targetProxy = 18679CAE210584C80037E289 /* PBXContainerItemProxy */;
		};
/* End PBXTargetDependency section */

/* Begin PBXVariantGroup section */
		18679C95210584C60037E289 /* Main.storyboard */ = {
			isa = PBXVariantGroup;
			children = (
				18679C96210584C60037E289 /* Base */,
			);
			name = Main.storyboard;
			sourceTree = "<group>";
		};
		18679C9A210584C80037E289 /* LaunchScreen.storyboard */ = {
			isa = PBXVariantGroup;
			children = (
				18679C9B210584C80037E289 /* Base */,
			);
			name = LaunchScreen.storyboard;
			sourceTree = "<group>";
		};
/* End PBXVariantGroup section */

/* Begin XCBuildConfiguration section */
		18679CB4210584C80037E289 /* Debug */ = {
			isa = XCBuildConfiguration;
			buildSettings = {
				ALWAYS_SEARCH_USER_PATHS = NO;
				CLANG_ANALYZER_NONNULL = YES;
				CLANG_ANALYZER_NUMBER_OBJECT_CONVERSION = YES_AGGRESSIVE;
				CLANG_CXX_LANGUAGE_STANDARD = "gnu++14";
				CLANG_CXX_LIBRARY = "libc++";
				CLANG_ENABLE_MODULES = YES;
				CLANG_ENABLE_OBJC_ARC = YES;
				CLANG_ENABLE_OBJC_WEAK = YES;
				CLANG_WARN_BLOCK_CAPTURE_AUTORELEASING = YES;
				CLANG_WARN_BOOL_CONVERSION = YES;
				CLANG_WARN_COMMA = YES;
				CLANG_WARN_CONSTANT_CONVERSION = YES;
				CLANG_WARN_DEPRECATED_OBJC_IMPLEMENTATIONS = YES;
				CLANG_WARN_DIRECT_OBJC_ISA_USAGE = YES_ERROR;
				CLANG_WARN_DOCUMENTATION_COMMENTS = YES;
				CLANG_WARN_EMPTY_BODY = YES;
				CLANG_WARN_ENUM_CONVERSION = YES;
				CLANG_WARN_INFINITE_RECURSION = YES;
				CLANG_WARN_INT_CONVERSION = YES;
				CLANG_WARN_NON_LITERAL_NULL_CONVERSION = YES;
				CLANG_WARN_OBJC_IMPLICIT_RETAIN_SELF = YES;
				CLANG_WARN_OBJC_LITERAL_CONVERSION = YES;
				CLANG_WARN_OBJC_ROOT_CLASS = YES_ERROR;
				CLANG_WARN_RANGE_LOOP_ANALYSIS = YES;
				CLANG_WARN_STRICT_PROTOTYPES = YES;
				CLANG_WARN_SUSPICIOUS_MOVE = YES;
				CLANG_WARN_UNGUARDED_AVAILABILITY = YES_AGGRESSIVE;
				CLANG_WARN_UNREACHABLE_CODE = YES;
				CLANG_WARN__DUPLICATE_METHOD_MATCH = YES;
				CODE_SIGN_IDENTITY = "iPhone Developer";
				COPY_PHASE_STRIP = NO;
				DEBUG_INFORMATION_FORMAT = dwarf;
				ENABLE_STRICT_OBJC_MSGSEND = YES;
				ENABLE_TESTABILITY = YES;
				GCC_C_LANGUAGE_STANDARD = gnu11;
				GCC_DYNAMIC_NO_PIC = NO;
				GCC_NO_COMMON_BLOCKS = YES;
				GCC_OPTIMIZATION_LEVEL = 0;
				GCC_PREPROCESSOR_DEFINITIONS = (
					"DEBUG=1",
					"$(inherited)",
				);
				GCC_WARN_64_TO_32_BIT_CONVERSION = YES;
				GCC_WARN_ABOUT_RETURN_TYPE = YES_ERROR;
				GCC_WARN_UNDECLARED_SELECTOR = YES;
				GCC_WARN_UNINITIALIZED_AUTOS = YES_AGGRESSIVE;
				GCC_WARN_UNUSED_FUNCTION = YES;
				GCC_WARN_UNUSED_VARIABLE = YES;
				IPHONEOS_DEPLOYMENT_TARGET = 11.4;
				MTL_ENABLE_DEBUG_INFO = YES;
				ONLY_ACTIVE_ARCH = YES;
				SDKROOT = iphoneos;
				SWIFT_ACTIVE_COMPILATION_CONDITIONS = DEBUG;
				SWIFT_OPTIMIZATION_LEVEL = "-Onone";
			};
			name = Debug;
		};
		18679CB5210584C80037E289 /* Release */ = {
			isa = XCBuildConfiguration;
			buildSettings = {
				ALWAYS_SEARCH_USER_PATHS = NO;
				CLANG_ANALYZER_NONNULL = YES;
				CLANG_ANALYZER_NUMBER_OBJECT_CONVERSION = YES_AGGRESSIVE;
				CLANG_CXX_LANGUAGE_STANDARD = "gnu++14";
				CLANG_CXX_LIBRARY = "libc++";
				CLANG_ENABLE_MODULES = YES;
				CLANG_ENABLE_OBJC_ARC = YES;
				CLANG_ENABLE_OBJC_WEAK = YES;
				CLANG_WARN_BLOCK_CAPTURE_AUTORELEASING = YES;
				CLANG_WARN_BOOL_CONVERSION = YES;
				CLANG_WARN_COMMA = YES;
				CLANG_WARN_CONSTANT_CONVERSION = YES;
				CLANG_WARN_DEPRECATED_OBJC_IMPLEMENTATIONS = YES;
				CLANG_WARN_DIRECT_OBJC_ISA_USAGE = YES_ERROR;
				CLANG_WARN_DOCUMENTATION_COMMENTS = YES;
				CLANG_WARN_EMPTY_BODY = YES;
				CLANG_WARN_ENUM_CONVERSION = YES;
				CLANG_WARN_INFINITE_RECURSION = YES;
				CLANG_WARN_INT_CONVERSION = YES;
				CLANG_WARN_NON_LITERAL_NULL_CONVERSION = YES;
				CLANG_WARN_OBJC_IMPLICIT_RETAIN_SELF = YES;
				CLANG_WARN_OBJC_LITERAL_CONVERSION = YES;
				CLANG_WARN_OBJC_ROOT_CLASS = YES_ERROR;
				CLANG_WARN_RANGE_LOOP_ANALYSIS = YES;
				CLANG_WARN_STRICT_PROTOTYPES = YES;
				CLANG_WARN_SUSPICIOUS_MOVE = YES;
				CLANG_WARN_UNGUARDED_AVAILABILITY = YES_AGGRESSIVE;
				CLANG_WARN_UNREACHABLE_CODE = YES;
				CLANG_WARN__DUPLICATE_METHOD_MATCH = YES;
				CODE_SIGN_IDENTITY = "iPhone Developer";
				COPY_PHASE_STRIP = NO;
				DEBUG_INFORMATION_FORMAT = "dwarf-with-dsym";
				ENABLE_NS_ASSERTIONS = NO;
				ENABLE_STRICT_OBJC_MSGSEND = YES;
				GCC_C_LANGUAGE_STANDARD = gnu11;
				GCC_NO_COMMON_BLOCKS = YES;
				GCC_WARN_64_TO_32_BIT_CONVERSION = YES;
				GCC_WARN_ABOUT_RETURN_TYPE = YES_ERROR;
				GCC_WARN_UNDECLARED_SELECTOR = YES;
				GCC_WARN_UNINITIALIZED_AUTOS = YES_AGGRESSIVE;
				GCC_WARN_UNUSED_FUNCTION = YES;
				GCC_WARN_UNUSED_VARIABLE = YES;
				IPHONEOS_DEPLOYMENT_TARGET = 11.4;
				MTL_ENABLE_DEBUG_INFO = NO;
				SDKROOT = iphoneos;
				SWIFT_COMPILATION_MODE = wholemodule;
				SWIFT_OPTIMIZATION_LEVEL = "-O";
				VALIDATE_PRODUCT = YES;
			};
			name = Release;
		};
		18679CB7210584C80037E289 /* Debug */ = {
			isa = XCBuildConfiguration;
			buildSettings = {
				ASSETCATALOG_COMPILER_APPICON_NAME = AppIcon;
				CODE_SIGN_STYLE = Automatic;
				DEVELOPMENT_TEAM = 889286V7CX;
				INFOPLIST_FILE = AnimationCrediCard/Info.plist;
				LD_RUNPATH_SEARCH_PATHS = (
					"$(inherited)",
					"@executable_path/Frameworks",
				);
				PRODUCT_BUNDLE_IDENTIFIER = vsriccitecnologies.AnimationCrediCard;
				PRODUCT_NAME = "$(TARGET_NAME)";
				SWIFT_VERSION = 4.0;
				TARGETED_DEVICE_FAMILY = "1,2";
			};
			name = Debug;
		};
		18679CB8210584C80037E289 /* Release */ = {
			isa = XCBuildConfiguration;
			buildSettings = {
				ASSETCATALOG_COMPILER_APPICON_NAME = AppIcon;
				CODE_SIGN_STYLE = Automatic;
				DEVELOPMENT_TEAM = 889286V7CX;
				INFOPLIST_FILE = AnimationCrediCard/Info.plist;
				LD_RUNPATH_SEARCH_PATHS = (
					"$(inherited)",
					"@executable_path/Frameworks",
				);
				PRODUCT_BUNDLE_IDENTIFIER = vsriccitecnologies.AnimationCrediCard;
				PRODUCT_NAME = "$(TARGET_NAME)";
				SWIFT_VERSION = 4.0;
				TARGETED_DEVICE_FAMILY = "1,2";
			};
			name = Release;
		};
		18679CBA210584C80037E289 /* Debug */ = {
			isa = XCBuildConfiguration;
			buildSettings = {
				ALWAYS_EMBED_SWIFT_STANDARD_LIBRARIES = YES;
				BUNDLE_LOADER = "$(TEST_HOST)";
				CODE_SIGN_STYLE = Automatic;
				DEVELOPMENT_TEAM = 889286V7CX;
				INFOPLIST_FILE = AnimationCrediCardTests/Info.plist;
				LD_RUNPATH_SEARCH_PATHS = (
					"$(inherited)",
					"@executable_path/Frameworks",
					"@loader_path/Frameworks",
				);
				PRODUCT_BUNDLE_IDENTIFIER = vsriccitecnologies.AnimationCrediCardTests;
				PRODUCT_NAME = "$(TARGET_NAME)";
				SWIFT_VERSION = 4.0;
				TARGETED_DEVICE_FAMILY = "1,2";
				TEST_HOST = "$(BUILT_PRODUCTS_DIR)/AnimationCrediCard.app/AnimationCrediCard";
			};
			name = Debug;
		};
		18679CBB210584C80037E289 /* Release */ = {
			isa = XCBuildConfiguration;
			buildSettings = {
				ALWAYS_EMBED_SWIFT_STANDARD_LIBRARIES = YES;
				BUNDLE_LOADER = "$(TEST_HOST)";
				CODE_SIGN_STYLE = Automatic;
				DEVELOPMENT_TEAM = 889286V7CX;
				INFOPLIST_FILE = AnimationCrediCardTests/Info.plist;
				LD_RUNPATH_SEARCH_PATHS = (
					"$(inherited)",
					"@executable_path/Frameworks",
					"@loader_path/Frameworks",
				);
				PRODUCT_BUNDLE_IDENTIFIER = vsriccitecnologies.AnimationCrediCardTests;
				PRODUCT_NAME = "$(TARGET_NAME)";
				SWIFT_VERSION = 4.0;
				TARGETED_DEVICE_FAMILY = "1,2";
				TEST_HOST = "$(BUILT_PRODUCTS_DIR)/AnimationCrediCard.app/AnimationCrediCard";
			};
			name = Release;
		};
		18679CBD210584C80037E289 /* Debug */ = {
			isa = XCBuildConfiguration;
			buildSettings = {
				ALWAYS_EMBED_SWIFT_STANDARD_LIBRARIES = YES;
				CODE_SIGN_STYLE = Automatic;
				DEVELOPMENT_TEAM = 889286V7CX;
				INFOPLIST_FILE = AnimationCrediCardUITests/Info.plist;
				LD_RUNPATH_SEARCH_PATHS = (
					"$(inherited)",
					"@executable_path/Frameworks",
					"@loader_path/Frameworks",
				);
				PRODUCT_BUNDLE_IDENTIFIER = vsriccitecnologies.AnimationCrediCardUITests;
				PRODUCT_NAME = "$(TARGET_NAME)";
				SWIFT_VERSION = 4.0;
				TARGETED_DEVICE_FAMILY = "1,2";
				TEST_TARGET_NAME = AnimationCrediCard;
			};
			name = Debug;
		};
		18679CBE210584C80037E289 /* Release */ = {
			isa = XCBuildConfiguration;
			buildSettings = {
				ALWAYS_EMBED_SWIFT_STANDARD_LIBRARIES = YES;
				CODE_SIGN_STYLE = Automatic;
				DEVELOPMENT_TEAM = 889286V7CX;
				INFOPLIST_FILE = AnimationCrediCardUITests/Info.plist;
				LD_RUNPATH_SEARCH_PATHS = (
					"$(inherited)",
					"@executable_path/Frameworks",
					"@loader_path/Frameworks",
				);
				PRODUCT_BUNDLE_IDENTIFIER = vsriccitecnologies.AnimationCrediCardUITests;
				PRODUCT_NAME = "$(TARGET_NAME)";
				SWIFT_VERSION = 4.0;
				TARGETED_DEVICE_FAMILY = "1,2";
				TEST_TARGET_NAME = AnimationCrediCard;
			};
			name = Release;
		};
/* End XCBuildConfiguration section */

/* Begin XCConfigurationList section */
		18679C89210584C60037E289 /* Build configuration list for PBXProject "AnimationCrediCard" */ = {
			isa = XCConfigurationList;
			buildConfigurations = (
				18679CB4210584C80037E289 /* Debug */,
				18679CB5210584C80037E289 /* Release */,
			);
			defaultConfigurationIsVisible = 0;
			defaultConfigurationName = Release;
		};
		18679CB6210584C80037E289 /* Build configuration list for PBXNativeTarget "AnimationCrediCard" */ = {
			isa = XCConfigurationList;
			buildConfigurations = (
				18679CB7210584C80037E289 /* Debug */,
				18679CB8210584C80037E289 /* Release */,
			);
			defaultConfigurationIsVisible = 0;
			defaultConfigurationName = Release;
		};
		18679CB9210584C80037E289 /* Build configuration list for PBXNativeTarget "AnimationCrediCardTests" */ = {
			isa = XCConfigurationList;
			buildConfigurations = (
				18679CBA210584C80037E289 /* Debug */,
				18679CBB210584C80037E289 /* Release */,
			);
			defaultConfigurationIsVisible = 0;
			defaultConfigurationName = Release;
		};
		18679CBC210584C80037E289 /* Build configuration list for PBXNativeTarget "AnimationCrediCardUITests" */ = {
			isa = XCConfigurationList;
			buildConfigurations = (
				18679CBD210584C80037E289 /* Debug */,
				18679CBE210584C80037E289 /* Release */,
			);
			defaultConfigurationIsVisible = 0;
			defaultConfigurationName = Release;
		};
/* End XCConfigurationList section */
	};
	rootObject = 18679C86210584C60037E289 /* Project object */;
}
